
Microsoft Visual Studio Solution File, Format Version 12.00
# Visual Studio 15
VisualStudioVersion = 15.0.28010.2046
MinimumVisualStudioVersion = 10.0.40219.1
Project("{8BC9CEB8-8B4A-11D0-8D11-00A0C91BC942}") = "Ex01_Types_and_Variables", "Ex01_Types_and_Variables\Ex01.vcxproj", "{2901DBAB-0D83-4812-B118-A0109AD812FA}"
EndProject
Project("{8BC9CEB8-8B4A-11D0-8D11-00A0C91BC942}") = "Ex02_Loop", "Ex02_Loop\Ex02.vcxproj", "{185F37B7-85BF-43C3-A2CB-0F3CC7F7BEC2}"
EndProject
Project("{8BC9CEB8-8B4A-11D0-8D11-00A0C91BC942}") = "Ex03_FunctionTemplates", "Ex03_FunctionTemplates\Ex03.vcxproj", "{71783AAB-4F5F-4354-B6D6-D5032A41E074}"
EndProject
Project("{8BC9CEB8-8B4A-11D0-8D11-00A0C91BC942}") = "Ex04_String", "Ex04_String\Ex04.vcxproj", "{BC697321-172A-4AE9-A161-7221D451D8FB}"
EndProject
Project("{8BC9CEB8-8B4A-11D0-8D11-00A0C91BC942}") = "Ex05_Vector", "Ex05_Vector\Ex05_Vector.vcxproj", "{39B572E8-4B67-4DAC-9384-72E44CE6653B}"
EndProject
Project("{8BC9CEB8-8B4A-11D0-8D11-00A0C91BC942}") = "Ex06_SmartPointer", "Ex06_SmartPointer\Ex06_SmartPointer.vcxproj", "{527A4EC2-679B-4BAD-B50A-28FF63292C6F}"
EndProject
Global
	GlobalSection(SolutionConfigurationPlatforms) = preSolution
		Debug|x64 = Debug|x64
		Debug|x86 = Debug|x86
		Release|x64 = Release|x64
		Release|x86 = Release|x86
	EndGlobalSection
	GlobalSection(ProjectConfigurationPlatforms) = postSolution
		{2901DBAB-0D83-4812-B118-A0109AD812FA}.Debug|x64.ActiveCfg = Debug|x64
		{2901DBAB-0D83-4812-B118-A0109AD812FA}.Debug|x64.Build.0 = Debug|x64
		{2901DBAB-0D83-4812-B118-A0109AD812FA}.Debug|x86.ActiveCfg = Debug|Win32
		{2901DBAB-0D83-4812-B118-A0109AD812FA}.Debug|x86.Build.0 = Debug|Win32
		{2901DBAB-0D83-4812-B118-A0109AD812FA}.Release|x64.ActiveCfg = Release|x64
		{2901DBAB-0D83-4812-B118-A0109AD812FA}.Release|x64.Build.0 = Release|x64
		{2901DBAB-0D83-4812-B118-A0109AD812FA}.Release|x86.ActiveCfg = Release|Win32
		{2901DBAB-0D83-4812-B118-A0109AD812FA}.Release|x86.Build.0 = Release|Win32
		{185F37B7-85BF-43C3-A2CB-0F3CC7F7BEC2}.Debug|x64.ActiveCfg = Debug|x64
		{185F37B7-85BF-43C3-A2CB-0F3CC7F7BEC2}.Debug|x64.Build.0 = Debug|x64
		{185F37B7-85BF-43C3-A2CB-0F3CC7F7BEC2}.Debug|x86.ActiveCfg = Debug|Win32
		{185F37B7-85BF-43C3-A2CB-0F3CC7F7BEC2}.Debug|x86.Build.0 = Debug|Win32
		{185F37B7-85BF-43C3-A2CB-0F3CC7F7BEC2}.Release|x64.ActiveCfg = Release|x64
		{185F37B7-85BF-43C3-A2CB-0F3CC7F7BEC2}.Release|x64.Build.0 = Release|x64
		{185F37B7-85BF-43C3-A2CB-0F3CC7F7BEC2}.Release|x86.ActiveCfg = Release|Win32
		{185F37B7-85BF-43C3-A2CB-0F3CC7F7BEC2}.Release|x86.Build.0 = Release|Win32
		{71783AAB-4F5F-4354-B6D6-D5032A41E074}.Debug|x64.ActiveCfg = Debug|x64
		{71783AAB-4F5F-4354-B6D6-D5032A41E074}.Debug|x64.Build.0 = Debug|x64
		{71783AAB-4F5F-4354-B6D6-D5032A41E074}.Debug|x86.ActiveCfg = Debug|Win32
		{71783AAB-4F5F-4354-B6D6-D5032A41E074}.Debug|x86.Build.0 = Debug|Win32
		{71783AAB-4F5F-4354-B6D6-D5032A41E074}.Release|x64.ActiveCfg = Release|x64
		{71783AAB-4F5F-4354-B6D6-D5032A41E074}.Release|x64.Build.0 = Release|x64
		{71783AAB-4F5F-4354-B6D6-D5032A41E074}.Release|x86.ActiveCfg = Release|Win32
		{71783AAB-4F5F-4354-B6D6-D5032A41E074}.Release|x86.Build.0 = Release|Win32
		{BC697321-172A-4AE9-A161-7221D451D8FB}.Debug|x64.ActiveCfg = Debug|x64
		{BC697321-172A-4AE9-A161-7221D451D8FB}.Debug|x64.Build.0 = Debug|x64
		{BC697321-172A-4AE9-A161-7221D451D8FB}.Debug|x86.ActiveCfg = Debug|Win32
		{BC697321-172A-4AE9-A161-7221D451D8FB}.Debug|x86.Build.0 = Debug|Win32
		{BC697321-172A-4AE9-A161-7221D451D8FB}.Release|x64.ActiveCfg = Release|x64
		{BC697321-172A-4AE9-A161-7221D451D8FB}.Release|x64.Build.0 = Release|x64
		{BC697321-172A-4AE9-A161-7221D451D8FB}.Release|x86.ActiveCfg = Release|Win32
		{BC697321-172A-4AE9-A161-7221D451D8FB}.Release|x86.Build.0 = Release|Win32
		{39B572E8-4B67-4DAC-9384-72E44CE6653B}.Debug|x64.ActiveCfg = Debug|x64
		{39B572E8-4B67-4DAC-9384-72E44CE6653B}.Debug|x64.Build.0 = Debug|x64
		{39B572E8-4B67-4DAC-9384-72E44CE6653B}.Debug|x86.ActiveCfg = Debug|Win32
		{39B572E8-4B67-4DAC-9384-72E44CE6653B}.Debug|x86.Build.0 = Debug|Win32
		{39B572E8-4B67-4DAC-9384-72E44CE6653B}.Release|x64.ActiveCfg = Release|x64
		{39B572E8-4B67-4DAC-9384-72E44CE6653B}.Release|x64.Build.0 = Release|x64
		{39B572E8-4B67-4DAC-9384-72E44CE6653B}.Release|x86.ActiveCfg = Release|Win32
		{39B572E8-4B67-4DAC-9384-72E44CE6653B}.Release|x86.Build.0 = Release|Win32
		{527A4EC2-679B-4BAD-B50A-28FF63292C6F}.Debug|x64.ActiveCfg = Debug|x64
		{527A4EC2-679B-4BAD-B50A-28FF63292C6F}.Debug|x64.Build.0 = Debug|x64
		{527A4EC2-679B-4BAD-B50A-28FF63292C6F}.Debug|x86.ActiveCfg = Debug|Win32
		{527A4EC2-679B-4BAD-B50A-28FF63292C6F}.Debug|x86.Build.0 = Debug|Win32
		{527A4EC2-679B-4BAD-B50A-28FF63292C6F}.Release|x64.ActiveCfg = Release|x64
		{527A4EC2-679B-4BAD-B50A-28FF63292C6F}.Release|x64.Build.0 = Release|x64
		{527A4EC2-679B-4BAD-B50A-28FF63292C6F}.Release|x86.ActiveCfg = Release|Win32
		{527A4EC2-679B-4BAD-B50A-28FF63292C6F}.Release|x86.Build.0 = Release|Win32
	EndGlobalSection
	GlobalSection(SolutionProperties) = preSolution
		HideSolutionNode = FALSE
	EndGlobalSection
	GlobalSection(ExtensibilityGlobals) = postSolution
		SolutionGuid = {A9390D9E-8682-4703-B2B0-638B5F7D204E}
	EndGlobalSection
EndGlobal
